
Microsoft Visual Studio Solution File, Format Version 12.00
# Visual Studio 15
VisualStudioVersion = 15.0.28307.960
MinimumVisualStudioVersion = 10.0.40219.1
Project("{F184B08F-C81C-45F6-A57F-5ABD9991F28F}") = "RgbLed_VBdesktop", "RgbLed_VBdesktop\RgbLed_VBdesktop.vbproj", "{5DAB0DB2-0F08-485A-8F4E-5FDE0A37557F}"
EndProject
Project("{D954291E-2A0B-460D-934E-DC6B0785DB48}") = "RgbLED.Shared", "RgbLED\RgbLED.Shared\RgbLED.Shared.shproj", "{6279C845-92F8-4333-AB99-3D213163593C}"
EndProject
Project("{FAE04EC0-301F-11D3-BF4B-00C04F79EFBC}") = "RgbLED.Droid", "RgbLED\RgbLED.Droid\RgbLED.Droid.csproj", "{7FA94CD8-AEB9-4DCC-8B3F-2D832BE3EAB6}"
EndProject
Project("{FAE04EC0-301F-11D3-BF4B-00C04F79EFBC}") = "RgbLED.iOS", "RgbLED\RgbLED.iOS\RgbLED.iOS.csproj", "{144791C5-B509-4031-AC43-608786DE357F}"
EndProject
Project("{FAE04EC0-301F-11D3-BF4B-00C04F79EFBC}") = "RgbLED.UWP", "RgbLED\RgbLED.UWP\RgbLED.UWP.csproj", "{87B4B63F-35DE-45CF-81E0-75BD9EB3F344}"
EndProject
Project("{9A19103F-16F7-4668-BE54-9A1E7A4F7556}") = "RgbLED.Wasm", "RgbLED\RgbLED.Wasm\RgbLED.Wasm.csproj", "{2B6F64B3-CF7D-4CEC-B4EC-FAC4E6C05A74}"
EndProject
Project("{F184B08F-C81C-45F6-A57F-5ABD9991F28F}") = "RgbLed_VBmobile", "RgbLed_VBmobile\RgbLed_VBmobile.vbproj", "{E7867F11-8A6B-4D26-925F-9989A51CD4C6}"
EndProject
Global
	GlobalSection(SharedMSBuildProjectFiles) = preSolution
		RgbLED\RgbLED.Shared\RgbLED.Shared.projitems*{144791c5-b509-4031-ac43-608786de357f}*SharedItemsImports = 4
		RgbLED\RgbLED.Shared\RgbLED.Shared.projitems*{6279c845-92f8-4333-ab99-3d213163593c}*SharedItemsImports = 13
		RgbLED\RgbLED.Shared\RgbLED.Shared.projitems*{7fa94cd8-aeb9-4dcc-8b3f-2d832be3eab6}*SharedItemsImports = 4
		RgbLED\RgbLED.Shared\RgbLED.Shared.projitems*{87b4b63f-35de-45cf-81e0-75bd9eb3f344}*SharedItemsImports = 4
	EndGlobalSection
	GlobalSection(SolutionConfigurationPlatforms) = preSolution
		Ad-Hoc|Any CPU = Ad-Hoc|Any CPU
		Ad-Hoc|ARM = Ad-Hoc|ARM
		Ad-Hoc|ARM64 = Ad-Hoc|ARM64
		Ad-Hoc|iPhone = Ad-Hoc|iPhone
		Ad-Hoc|iPhoneSimulator = Ad-Hoc|iPhoneSimulator
		Ad-Hoc|x64 = Ad-Hoc|x64
		Ad-Hoc|x86 = Ad-Hoc|x86
		AppStore|Any CPU = AppStore|Any CPU
		AppStore|ARM = AppStore|ARM
		AppStore|ARM64 = AppStore|ARM64
		AppStore|iPhone = AppStore|iPhone
		AppStore|iPhoneSimulator = AppStore|iPhoneSimulator
		AppStore|x64 = AppStore|x64
		AppStore|x86 = AppStore|x86
		Debug|Any CPU = Debug|Any CPU
		Debug|ARM = Debug|ARM
		Debug|ARM64 = Debug|ARM64
		Debug|iPhone = Debug|iPhone
		Debug|iPhoneSimulator = Debug|iPhoneSimulator
		Debug|x64 = Debug|x64
		Debug|x86 = Debug|x86
		Release|Any CPU = Release|Any CPU
		Release|ARM = Release|ARM
		Release|ARM64 = Release|ARM64
		Release|iPhone = Release|iPhone
		Release|iPhoneSimulator = Release|iPhoneSimulator
		Release|x64 = Release|x64
		Release|x86 = Release|x86
	EndGlobalSection
	GlobalSection(ProjectConfigurationPlatforms) = postSolution
		{5DAB0DB2-0F08-485A-8F4E-5FDE0A37557F}.Ad-Hoc|Any CPU.ActiveCfg = Release|x86
		{5DAB0DB2-0F08-485A-8F4E-5FDE0A37557F}.Ad-Hoc|Any CPU.Build.0 = Release|x86
		{5DAB0DB2-0F08-485A-8F4E-5FDE0A37557F}.Ad-Hoc|Any CPU.Deploy.0 = Release|x86
		{5DAB0DB2-0F08-485A-8F4E-5FDE0A37557F}.Ad-Hoc|ARM.ActiveCfg = Release|ARM
		{5DAB0DB2-0F08-485A-8F4E-5FDE0A37557F}.Ad-Hoc|ARM.Build.0 = Release|ARM
		{5DAB0DB2-0F08-485A-8F4E-5FDE0A37557F}.Ad-Hoc|ARM.Deploy.0 = Release|ARM
		{5DAB0DB2-0F08-485A-8F4E-5FDE0A37557F}.Ad-Hoc|ARM64.ActiveCfg = Release|x86
		{5DAB0DB2-0F08-485A-8F4E-5FDE0A37557F}.Ad-Hoc|ARM64.Build.0 = Release|x86
		{5DAB0DB2-0F08-485A-8F4E-5FDE0A37557F}.Ad-Hoc|ARM64.Deploy.0 = Release|x86
		{5DAB0DB2-0F08-485A-8F4E-5FDE0A37557F}.Ad-Hoc|iPhone.ActiveCfg = Release|x86
		{5DAB0DB2-0F08-485A-8F4E-5FDE0A37557F}.Ad-Hoc|iPhone.Build.0 = Release|x86
		{5DAB0DB2-0F08-485A-8F4E-5FDE0A37557F}.Ad-Hoc|iPhone.Deploy.0 = Release|x86
		{5DAB0DB2-0F08-485A-8F4E-5FDE0A37557F}.Ad-Hoc|iPhoneSimulator.ActiveCfg = Release|x86
		{5DAB0DB2-0F08-485A-8F4E-5FDE0A37557F}.Ad-Hoc|iPhoneSimulator.Build.0 = Release|x86
		{5DAB0DB2-0F08-485A-8F4E-5FDE0A37557F}.Ad-Hoc|iPhoneSimulator.Deploy.0 = Release|x86
		{5DAB0DB2-0F08-485A-8F4E-5FDE0A37557F}.Ad-Hoc|x64.ActiveCfg = Release|x64
		{5DAB0DB2-0F08-485A-8F4E-5FDE0A37557F}.Ad-Hoc|x64.Build.0 = Release|x64
		{5DAB0DB2-0F08-485A-8F4E-5FDE0A37557F}.Ad-Hoc|x64.Deploy.0 = Release|x64
		{5DAB0DB2-0F08-485A-8F4E-5FDE0A37557F}.Ad-Hoc|x86.ActiveCfg = Release|x86
		{5DAB0DB2-0F08-485A-8F4E-5FDE0A37557F}.Ad-Hoc|x86.Build.0 = Release|x86
		{5DAB0DB2-0F08-485A-8F4E-5FDE0A37557F}.Ad-Hoc|x86.Deploy.0 = Release|x86
		{5DAB0DB2-0F08-485A-8F4E-5FDE0A37557F}.AppStore|Any CPU.ActiveCfg = Release|x86
		{5DAB0DB2-0F08-485A-8F4E-5FDE0A37557F}.AppStore|Any CPU.Build.0 = Release|x86
		{5DAB0DB2-0F08-485A-8F4E-5FDE0A37557F}.AppStore|Any CPU.Deploy.0 = Release|x86
		{5DAB0DB2-0F08-485A-8F4E-5FDE0A37557F}.AppStore|ARM.ActiveCfg = Release|ARM
		{5DAB0DB2-0F08-485A-8F4E-5FDE0A37557F}.AppStore|ARM.Build.0 = Release|ARM
		{5DAB0DB2-0F08-485A-8F4E-5FDE0A37557F}.AppStore|ARM.Deploy.0 = Release|ARM
		{5DAB0DB2-0F08-485A-8F4E-5FDE0A37557F}.AppStore|ARM64.ActiveCfg = Release|x86
		{5DAB0DB2-0F08-485A-8F4E-5FDE0A37557F}.AppStore|ARM64.Build.0 = Release|x86
		{5DAB0DB2-0F08-485A-8F4E-5FDE0A37557F}.AppStore|ARM64.Deploy.0 = Release|x86
		{5DAB0DB2-0F08-485A-8F4E-5FDE0A37557F}.AppStore|iPhone.ActiveCfg = Release|x86
		{5DAB0DB2-0F08-485A-8F4E-5FDE0A37557F}.AppStore|iPhone.Build.0 = Release|x86
		{5DAB0DB2-0F08-485A-8F4E-5FDE0A37557F}.AppStore|iPhone.Deploy.0 = Release|x86
		{5DAB0DB2-0F08-485A-8F4E-5FDE0A37557F}.AppStore|iPhoneSimulator.ActiveCfg = Release|x86
		{5DAB0DB2-0F08-485A-8F4E-5FDE0A37557F}.AppStore|iPhoneSimulator.Build.0 = Release|x86
		{5DAB0DB2-0F08-485A-8F4E-5FDE0A37557F}.AppStore|iPhoneSimulator.Deploy.0 = Release|x86
		{5DAB0DB2-0F08-485A-8F4E-5FDE0A37557F}.AppStore|x64.ActiveCfg = Release|x64
		{5DAB0DB2-0F08-485A-8F4E-5FDE0A37557F}.AppStore|x64.Build.0 = Release|x64
		{5DAB0DB2-0F08-485A-8F4E-5FDE0A37557F}.AppStore|x64.Deploy.0 = Release|x64
		{5DAB0DB2-0F08-485A-8F4E-5FDE0A37557F}.AppStore|x86.ActiveCfg = Release|x86
		{5DAB0DB2-0F08-485A-8F4E-5FDE0A37557F}.AppStore|x86.Build.0 = Release|x86
		{5DAB0DB2-0F08-485A-8F4E-5FDE0A37557F}.AppStore|x86.Deploy.0 = Release|x86
		{5DAB0DB2-0F08-485A-8F4E-5FDE0A37557F}.Debug|Any CPU.ActiveCfg = Debug|x86
		{5DAB0DB2-0F08-485A-8F4E-5FDE0A37557F}.Debug|ARM.ActiveCfg = Debug|ARM
		{5DAB0DB2-0F08-485A-8F4E-5FDE0A37557F}.Debug|ARM.Build.0 = Debug|ARM
		{5DAB0DB2-0F08-485A-8F4E-5FDE0A37557F}.Debug|ARM.Deploy.0 = Debug|ARM
		{5DAB0DB2-0F08-485A-8F4E-5FDE0A37557F}.Debug|ARM64.ActiveCfg = Debug|x86
		{5DAB0DB2-0F08-485A-8F4E-5FDE0A37557F}.Debug|iPhone.ActiveCfg = Debug|x86
		{5DAB0DB2-0F08-485A-8F4E-5FDE0A37557F}.Debug|iPhoneSimulator.ActiveCfg = Debug|x86
		{5DAB0DB2-0F08-485A-8F4E-5FDE0A37557F}.Debug|x64.ActiveCfg = Debug|x64
		{5DAB0DB2-0F08-485A-8F4E-5FDE0A37557F}.Debug|x64.Build.0 = Debug|x64
		{5DAB0DB2-0F08-485A-8F4E-5FDE0A37557F}.Debug|x64.Deploy.0 = Debug|x64
		{5DAB0DB2-0F08-485A-8F4E-5FDE0A37557F}.Debug|x86.ActiveCfg = Debug|x86
		{5DAB0DB2-0F08-485A-8F4E-5FDE0A37557F}.Debug|x86.Build.0 = Debug|x86
		{5DAB0DB2-0F08-485A-8F4E-5FDE0A37557F}.Debug|x86.Deploy.0 = Debug|x86
		{5DAB0DB2-0F08-485A-8F4E-5FDE0A37557F}.Release|Any CPU.ActiveCfg = Release|x86
		{5DAB0DB2-0F08-485A-8F4E-5FDE0A37557F}.Release|ARM.ActiveCfg = Release|ARM
		{5DAB0DB2-0F08-485A-8F4E-5FDE0A37557F}.Release|ARM.Build.0 = Release|ARM
		{5DAB0DB2-0F08-485A-8F4E-5FDE0A37557F}.Release|ARM.Deploy.0 = Release|ARM
		{5DAB0DB2-0F08-485A-8F4E-5FDE0A37557F}.Release|ARM64.ActiveCfg = Release|x86
		{5DAB0DB2-0F08-485A-8F4E-5FDE0A37557F}.Release|iPhone.ActiveCfg = Release|x86
		{5DAB0DB2-0F08-485A-8F4E-5FDE0A37557F}.Release|iPhoneSimulator.ActiveCfg = Release|x86
		{5DAB0DB2-0F08-485A-8F4E-5FDE0A37557F}.Release|x64.ActiveCfg = Release|x64
		{5DAB0DB2-0F08-485A-8F4E-5FDE0A37557F}.Release|x64.Build.0 = Release|x64
		{5DAB0DB2-0F08-485A-8F4E-5FDE0A37557F}.Release|x64.Deploy.0 = Release|x64
		{5DAB0DB2-0F08-485A-8F4E-5FDE0A37557F}.Release|x86.ActiveCfg = Release|x86
		{5DAB0DB2-0F08-485A-8F4E-5FDE0A37557F}.Release|x86.Build.0 = Release|x86
		{5DAB0DB2-0F08-485A-8F4E-5FDE0A37557F}.Release|x86.Deploy.0 = Release|x86
		{7FA94CD8-AEB9-4DCC-8B3F-2D832BE3EAB6}.Ad-Hoc|Any CPU.ActiveCfg = Release|Any CPU
		{7FA94CD8-AEB9-4DCC-8B3F-2D832BE3EAB6}.Ad-Hoc|Any CPU.Build.0 = Release|Any CPU
		{7FA94CD8-AEB9-4DCC-8B3F-2D832BE3EAB6}.Ad-Hoc|Any CPU.Deploy.0 = Release|Any CPU
		{7FA94CD8-AEB9-4DCC-8B3F-2D832BE3EAB6}.Ad-Hoc|ARM.ActiveCfg = Release|Any CPU
		{7FA94CD8-AEB9-4DCC-8B3F-2D832BE3EAB6}.Ad-Hoc|ARM.Build.0 = Release|Any CPU
		{7FA94CD8-AEB9-4DCC-8B3F-2D832BE3EAB6}.Ad-Hoc|ARM.Deploy.0 = Release|Any CPU
		{7FA94CD8-AEB9-4DCC-8B3F-2D832BE3EAB6}.Ad-Hoc|ARM64.ActiveCfg = Release|Any CPU
		{7FA94CD8-AEB9-4DCC-8B3F-2D832BE3EAB6}.Ad-Hoc|ARM64.Build.0 = Release|Any CPU
		{7FA94CD8-AEB9-4DCC-8B3F-2D832BE3EAB6}.Ad-Hoc|ARM64.Deploy.0 = Release|Any CPU
		{7FA94CD8-AEB9-4DCC-8B3F-2D832BE3EAB6}.Ad-Hoc|iPhone.ActiveCfg = Release|Any CPU
		{7FA94CD8-AEB9-4DCC-8B3F-2D832BE3EAB6}.Ad-Hoc|iPhone.Build.0 = Release|Any CPU
		{7FA94CD8-AEB9-4DCC-8B3F-2D832BE3EAB6}.Ad-Hoc|iPhone.Deploy.0 = Release|Any CPU
		{7FA94CD8-AEB9-4DCC-8B3F-2D832BE3EAB6}.Ad-Hoc|iPhoneSimulator.ActiveCfg = Release|Any CPU
		{7FA94CD8-AEB9-4DCC-8B3F-2D832BE3EAB6}.Ad-Hoc|iPhoneSimulator.Build.0 = Release|Any CPU
		{7FA94CD8-AEB9-4DCC-8B3F-2D832BE3EAB6}.Ad-Hoc|iPhoneSimulator.Deploy.0 = Release|Any CPU
		{7FA94CD8-AEB9-4DCC-8B3F-2D832BE3EAB6}.Ad-Hoc|x64.ActiveCfg = Release|Any CPU
		{7FA94CD8-AEB9-4DCC-8B3F-2D832BE3EAB6}.Ad-Hoc|x64.Build.0 = Release|Any CPU
		{7FA94CD8-AEB9-4DCC-8B3F-2D832BE3EAB6}.Ad-Hoc|x64.Deploy.0 = Release|Any CPU
		{7FA94CD8-AEB9-4DCC-8B3F-2D832BE3EAB6}.Ad-Hoc|x86.ActiveCfg = Release|Any CPU
		{7FA94CD8-AEB9-4DCC-8B3F-2D832BE3EAB6}.Ad-Hoc|x86.Build.0 = Release|Any CPU
		{7FA94CD8-AEB9-4DCC-8B3F-2D832BE3EAB6}.Ad-Hoc|x86.Deploy.0 = Release|Any CPU
		{7FA94CD8-AEB9-4DCC-8B3F-2D832BE3EAB6}.AppStore|Any CPU.ActiveCfg = Release|Any CPU
		{7FA94CD8-AEB9-4DCC-8B3F-2D832BE3EAB6}.AppStore|Any CPU.Build.0 = Release|Any CPU
		{7FA94CD8-AEB9-4DCC-8B3F-2D832BE3EAB6}.AppStore|Any CPU.Deploy.0 = Release|Any CPU
		{7FA94CD8-AEB9-4DCC-8B3F-2D832BE3EAB6}.AppStore|ARM.ActiveCfg = Release|Any CPU
		{7FA94CD8-AEB9-4DCC-8B3F-2D832BE3EAB6}.AppStore|ARM.Build.0 = Release|Any CPU
		{7FA94CD8-AEB9-4DCC-8B3F-2D832BE3EAB6}.AppStore|ARM.Deploy.0 = Release|Any CPU
		{7FA94CD8-AEB9-4DCC-8B3F-2D832BE3EAB6}.AppStore|ARM64.ActiveCfg = Release|Any CPU
		{7FA94CD8-AEB9-4DCC-8B3F-2D832BE3EAB6}.AppStore|ARM64.Build.0 = Release|Any CPU
		{7FA94CD8-AEB9-4DCC-8B3F-2D832BE3EAB6}.AppStore|ARM64.Deploy.0 = Release|Any CPU
		{7FA94CD8-AEB9-4DCC-8B3F-2D832BE3EAB6}.AppStore|iPhone.ActiveCfg = Release|Any CPU
		{7FA94CD8-AEB9-4DCC-8B3F-2D832BE3EAB6}.AppStore|iPhone.Build.0 = Release|Any CPU
		{7FA94CD8-AEB9-4DCC-8B3F-2D832BE3EAB6}.AppStore|iPhone.Deploy.0 = Release|Any CPU
		{7FA94CD8-AEB9-4DCC-8B3F-2D832BE3EAB6}.AppStore|iPhoneSimulator.ActiveCfg = Release|Any CPU
		{7FA94CD8-AEB9-4DCC-8B3F-2D832BE3EAB6}.AppStore|iPhoneSimulator.Build.0 = Release|Any CPU
		{7FA94CD8-AEB9-4DCC-8B3F-2D832BE3EAB6}.AppStore|iPhoneSimulator.Deploy.0 = Release|Any CPU
		{7FA94CD8-AEB9-4DCC-8B3F-2D832BE3EAB6}.AppStore|x64.ActiveCfg = Release|Any CPU
		{7FA94CD8-AEB9-4DCC-8B3F-2D832BE3EAB6}.AppStore|x64.Build.0 = Release|Any CPU
		{7FA94CD8-AEB9-4DCC-8B3F-2D832BE3EAB6}.AppStore|x64.Deploy.0 = Release|Any CPU
		{7FA94CD8-AEB9-4DCC-8B3F-2D832BE3EAB6}.AppStore|x86.ActiveCfg = Release|Any CPU
		{7FA94CD8-AEB9-4DCC-8B3F-2D832BE3EAB6}.AppStore|x86.Build.0 = Release|Any CPU
		{7FA94CD8-AEB9-4DCC-8B3F-2D832BE3EAB6}.AppStore|x86.Deploy.0 = Release|Any CPU
		{7FA94CD8-AEB9-4DCC-8B3F-2D832BE3EAB6}.Debug|Any CPU.ActiveCfg = Debug|Any CPU
		{7FA94CD8-AEB9-4DCC-8B3F-2D832BE3EAB6}.Debug|Any CPU.Build.0 = Debug|Any CPU
		{7FA94CD8-AEB9-4DCC-8B3F-2D832BE3EAB6}.Debug|Any CPU.Deploy.0 = Debug|Any CPU
		{7FA94CD8-AEB9-4DCC-8B3F-2D832BE3EAB6}.Debug|ARM.ActiveCfg = Debug|Any CPU
		{7FA94CD8-AEB9-4DCC-8B3F-2D832BE3EAB6}.Debug|ARM.Build.0 = Debug|Any CPU
		{7FA94CD8-AEB9-4DCC-8B3F-2D832BE3EAB6}.Debug|ARM.Deploy.0 = Debug|Any CPU
		{7FA94CD8-AEB9-4DCC-8B3F-2D832BE3EAB6}.Debug|ARM64.ActiveCfg = Debug|Any CPU
		{7FA94CD8-AEB9-4DCC-8B3F-2D832BE3EAB6}.Debug|ARM64.Build.0 = Debug|Any CPU
		{7FA94CD8-AEB9-4DCC-8B3F-2D832BE3EAB6}.Debug|ARM64.Deploy.0 = Debug|Any CPU
		{7FA94CD8-AEB9-4DCC-8B3F-2D832BE3EAB6}.Debug|iPhone.ActiveCfg = Debug|Any CPU
		{7FA94CD8-AEB9-4DCC-8B3F-2D832BE3EAB6}.Debug|iPhone.Build.0 = Debug|Any CPU
		{7FA94CD8-AEB9-4DCC-8B3F-2D832BE3EAB6}.Debug|iPhone.Deploy.0 = Debug|Any CPU
		{7FA94CD8-AEB9-4DCC-8B3F-2D832BE3EAB6}.Debug|iPhoneSimulator.ActiveCfg = Debug|Any CPU
		{7FA94CD8-AEB9-4DCC-8B3F-2D832BE3EAB6}.Debug|iPhoneSimulator.Build.0 = Debug|Any CPU
		{7FA94CD8-AEB9-4DCC-8B3F-2D832BE3EAB6}.Debug|iPhoneSimulator.Deploy.0 = Debug|Any CPU
		{7FA94CD8-AEB9-4DCC-8B3F-2D832BE3EAB6}.Debug|x64.ActiveCfg = Debug|Any CPU
		{7FA94CD8-AEB9-4DCC-8B3F-2D832BE3EAB6}.Debug|x64.Build.0 = Debug|Any CPU
		{7FA94CD8-AEB9-4DCC-8B3F-2D832BE3EAB6}.Debug|x64.Deploy.0 = Debug|Any CPU
		{7FA94CD8-AEB9-4DCC-8B3F-2D832BE3EAB6}.Debug|x86.ActiveCfg = Debug|Any CPU
		{7FA94CD8-AEB9-4DCC-8B3F-2D832BE3EAB6}.Debug|x86.Build.0 = Debug|Any CPU
		{7FA94CD8-AEB9-4DCC-8B3F-2D832BE3EAB6}.Debug|x86.Deploy.0 = Debug|Any CPU
		{7FA94CD8-AEB9-4DCC-8B3F-2D832BE3EAB6}.Release|Any CPU.ActiveCfg = Release|Any CPU
		{7FA94CD8-AEB9-4DCC-8B3F-2D832BE3EAB6}.Release|Any CPU.Build.0 = Release|Any CPU
		{7FA94CD8-AEB9-4DCC-8B3F-2D832BE3EAB6}.Release|Any CPU.Deploy.0 = Release|Any CPU
		{7FA94CD8-AEB9-4DCC-8B3F-2D832BE3EAB6}.Release|ARM.ActiveCfg = Release|Any CPU
		{7FA94CD8-AEB9-4DCC-8B3F-2D832BE3EAB6}.Release|ARM.Build.0 = Release|Any CPU
		{7FA94CD8-AEB9-4DCC-8B3F-2D832BE3EAB6}.Release|ARM.Deploy.0 = Release|Any CPU
		{7FA94CD8-AEB9-4DCC-8B3F-2D832BE3EAB6}.Release|ARM64.ActiveCfg = Release|Any CPU
		{7FA94CD8-AEB9-4DCC-8B3F-2D832BE3EAB6}.Release|ARM64.Build.0 = Release|Any CPU
		{7FA94CD8-AEB9-4DCC-8B3F-2D832BE3EAB6}.Release|ARM64.Deploy.0 = Release|Any CPU
		{7FA94CD8-AEB9-4DCC-8B3F-2D832BE3EAB6}.Release|iPhone.ActiveCfg = Release|Any CPU
		{7FA94CD8-AEB9-4DCC-8B3F-2D832BE3EAB6}.Release|iPhone.Build.0 = Release|Any CPU
		{7FA94CD8-AEB9-4DCC-8B3F-2D832BE3EAB6}.Release|iPhone.Deploy.0 = Release|Any CPU
		{7FA94CD8-AEB9-4DCC-8B3F-2D832BE3EAB6}.Release|iPhoneSimulator.ActiveCfg = Release|Any CPU
		{7FA94CD8-AEB9-4DCC-8B3F-2D832BE3EAB6}.Release|iPhoneSimulator.Build.0 = Release|Any CPU
		{7FA94CD8-AEB9-4DCC-8B3F-2D832BE3EAB6}.Release|iPhoneSimulator.Deploy.0 = Release|Any CPU
		{7FA94CD8-AEB9-4DCC-8B3F-2D832BE3EAB6}.Release|x64.ActiveCfg = Release|Any CPU
		{7FA94CD8-AEB9-4DCC-8B3F-2D832BE3EAB6}.Release|x64.Build.0 = Release|Any CPU
		{7FA94CD8-AEB9-4DCC-8B3F-2D832BE3EAB6}.Release|x64.Deploy.0 = Release|Any CPU
		{7FA94CD8-AEB9-4DCC-8B3F-2D832BE3EAB6}.Release|x86.ActiveCfg = Release|Any CPU
		{7FA94CD8-AEB9-4DCC-8B3F-2D832BE3EAB6}.Release|x86.Build.0 = Release|Any CPU
		{7FA94CD8-AEB9-4DCC-8B3F-2D832BE3EAB6}.Release|x86.Deploy.0 = Release|Any CPU
		{144791C5-B509-4031-AC43-608786DE357F}.Ad-Hoc|Any CPU.ActiveCfg = Ad-Hoc|iPhone
		{144791C5-B509-4031-AC43-608786DE357F}.Ad-Hoc|ARM.ActiveCfg = Ad-Hoc|iPhone
		{144791C5-B509-4031-AC43-608786DE357F}.Ad-Hoc|ARM64.ActiveCfg = Ad-Hoc|iPhone
		{144791C5-B509-4031-AC43-608786DE357F}.Ad-Hoc|iPhone.ActiveCfg = Ad-Hoc|iPhone
		{144791C5-B509-4031-AC43-608786DE357F}.Ad-Hoc|iPhone.Build.0 = Ad-Hoc|iPhone
		{144791C5-B509-4031-AC43-608786DE357F}.Ad-Hoc|iPhoneSimulator.ActiveCfg = Ad-Hoc|iPhoneSimulator
		{144791C5-B509-4031-AC43-608786DE357F}.Ad-Hoc|iPhoneSimulator.Build.0 = Ad-Hoc|iPhoneSimulator
		{144791C5-B509-4031-AC43-608786DE357F}.Ad-Hoc|x64.ActiveCfg = Ad-Hoc|iPhone
		{144791C5-B509-4031-AC43-608786DE357F}.Ad-Hoc|x86.ActiveCfg = Ad-Hoc|iPhone
		{144791C5-B509-4031-AC43-608786DE357F}.AppStore|Any CPU.ActiveCfg = AppStore|iPhone
		{144791C5-B509-4031-AC43-608786DE357F}.AppStore|ARM.ActiveCfg = AppStore|iPhone
		{144791C5-B509-4031-AC43-608786DE357F}.AppStore|ARM64.ActiveCfg = AppStore|iPhone
		{144791C5-B509-4031-AC43-608786DE357F}.AppStore|iPhone.ActiveCfg = AppStore|iPhone
		{144791C5-B509-4031-AC43-608786DE357F}.AppStore|iPhone.Build.0 = AppStore|iPhone
		{144791C5-B509-4031-AC43-608786DE357F}.AppStore|iPhoneSimulator.ActiveCfg = AppStore|iPhoneSimulator
		{144791C5-B509-4031-AC43-608786DE357F}.AppStore|iPhoneSimulator.Build.0 = AppStore|iPhoneSimulator
		{144791C5-B509-4031-AC43-608786DE357F}.AppStore|x64.ActiveCfg = AppStore|iPhone
		{144791C5-B509-4031-AC43-608786DE357F}.AppStore|x86.ActiveCfg = AppStore|iPhone
		{144791C5-B509-4031-AC43-608786DE357F}.Debug|Any CPU.ActiveCfg = Debug|iPhone
		{144791C5-B509-4031-AC43-608786DE357F}.Debug|ARM.ActiveCfg = Debug|iPhone
		{144791C5-B509-4031-AC43-608786DE357F}.Debug|ARM64.ActiveCfg = Debug|iPhone
		{144791C5-B509-4031-AC43-608786DE357F}.Debug|iPhone.ActiveCfg = Debug|iPhone
		{144791C5-B509-4031-AC43-608786DE357F}.Debug|iPhone.Build.0 = Debug|iPhone
		{144791C5-B509-4031-AC43-608786DE357F}.Debug|iPhoneSimulator.ActiveCfg = Debug|iPhoneSimulator
		{144791C5-B509-4031-AC43-608786DE357F}.Debug|iPhoneSimulator.Build.0 = Debug|iPhoneSimulator
		{144791C5-B509-4031-AC43-608786DE357F}.Debug|x64.ActiveCfg = Debug|iPhone
		{144791C5-B509-4031-AC43-608786DE357F}.Debug|x86.ActiveCfg = Debug|iPhone
		{144791C5-B509-4031-AC43-608786DE357F}.Release|Any CPU.ActiveCfg = Release|iPhone
		{144791C5-B509-4031-AC43-608786DE357F}.Release|ARM.ActiveCfg = Release|iPhone
		{144791C5-B509-4031-AC43-608786DE357F}.Release|ARM64.ActiveCfg = Release|iPhone
		{144791C5-B509-4031-AC43-608786DE357F}.Release|iPhone.ActiveCfg = Release|iPhone
		{144791C5-B509-4031-AC43-608786DE357F}.Release|iPhone.Build.0 = Release|iPhone
		{144791C5-B509-4031-AC43-608786DE357F}.Release|iPhoneSimulator.ActiveCfg = Release|iPhoneSimulator
		{144791C5-B509-4031-AC43-608786DE357F}.Release|iPhoneSimulator.Build.0 = Release|iPhoneSimulator
		{144791C5-B509-4031-AC43-608786DE357F}.Release|x64.ActiveCfg = Release|iPhone
		{144791C5-B509-4031-AC43-608786DE357F}.Release|x86.ActiveCfg = Release|iPhone
		{87B4B63F-35DE-45CF-81E0-75BD9EB3F344}.Ad-Hoc|Any CPU.ActiveCfg = Release|x64
		{87B4B63F-35DE-45CF-81E0-75BD9EB3F344}.Ad-Hoc|Any CPU.Build.0 = Release|x64
		{87B4B63F-35DE-45CF-81E0-75BD9EB3F344}.Ad-Hoc|Any CPU.Deploy.0 = Release|x64
		{87B4B63F-35DE-45CF-81E0-75BD9EB3F344}.Ad-Hoc|ARM.ActiveCfg = Release|ARM
		{87B4B63F-35DE-45CF-81E0-75BD9EB3F344}.Ad-Hoc|ARM.Build.0 = Release|ARM
		{87B4B63F-35DE-45CF-81E0-75BD9EB3F344}.Ad-Hoc|ARM.Deploy.0 = Release|ARM
		{87B4B63F-35DE-45CF-81E0-75BD9EB3F344}.Ad-Hoc|ARM64.ActiveCfg = Release|ARM64
		{87B4B63F-35DE-45CF-81E0-75BD9EB3F344}.Ad-Hoc|ARM64.Build.0 = Release|ARM64
		{87B4B63F-35DE-45CF-81E0-75BD9EB3F344}.Ad-Hoc|ARM64.Deploy.0 = Release|ARM64
		{87B4B63F-35DE-45CF-81E0-75BD9EB3F344}.Ad-Hoc|iPhone.ActiveCfg = Release|x64
		{87B4B63F-35DE-45CF-81E0-75BD9EB3F344}.Ad-Hoc|iPhone.Build.0 = Release|x64
		{87B4B63F-35DE-45CF-81E0-75BD9EB3F344}.Ad-Hoc|iPhone.Deploy.0 = Release|x64
		{87B4B63F-35DE-45CF-81E0-75BD9EB3F344}.Ad-Hoc|iPhoneSimulator.ActiveCfg = Release|x64
		{87B4B63F-35DE-45CF-81E0-75BD9EB3F344}.Ad-Hoc|iPhoneSimulator.Build.0 = Release|x64
		{87B4B63F-35DE-45CF-81E0-75BD9EB3F344}.Ad-Hoc|iPhoneSimulator.Deploy.0 = Release|x64
		{87B4B63F-35DE-45CF-81E0-75BD9EB3F344}.Ad-Hoc|x64.ActiveCfg = Release|x64
		{87B4B63F-35DE-45CF-81E0-75BD9EB3F344}.Ad-Hoc|x64.Build.0 = Release|x64
		{87B4B63F-35DE-45CF-81E0-75BD9EB3F344}.Ad-Hoc|x64.Deploy.0 = Release|x64
		{87B4B63F-35DE-45CF-81E0-75BD9EB3F344}.Ad-Hoc|x86.ActiveCfg = Release|x86
		{87B4B63F-35DE-45CF-81E0-75BD9EB3F344}.Ad-Hoc|x86.Build.0 = Release|x86
		{87B4B63F-35DE-45CF-81E0-75BD9EB3F344}.Ad-Hoc|x86.Deploy.0 = Release|x86
		{87B4B63F-35DE-45CF-81E0-75BD9EB3F344}.AppStore|Any CPU.ActiveCfg = Release|x64
		{87B4B63F-35DE-45CF-81E0-75BD9EB3F344}.AppStore|Any CPU.Build.0 = Release|x64
		{87B4B63F-35DE-45CF-81E0-75BD9EB3F344}.AppStore|Any CPU.Deploy.0 = Release|x64
		{87B4B63F-35DE-45CF-81E0-75BD9EB3F344}.AppStore|ARM.ActiveCfg = Release|ARM
		{87B4B63F-35DE-45CF-81E0-75BD9EB3F344}.AppStore|ARM.Build.0 = Release|ARM
		{87B4B63F-35DE-45CF-81E0-75BD9EB3F344}.AppStore|ARM.Deploy.0 = Release|ARM
		{87B4B63F-35DE-45CF-81E0-75BD9EB3F344}.AppStore|ARM64.ActiveCfg = Release|ARM64
		{87B4B63F-35DE-45CF-81E0-75BD9EB3F344}.AppStore|ARM64.Build.0 = Release|ARM64
		{87B4B63F-35DE-45CF-81E0-75BD9EB3F344}.AppStore|ARM64.Deploy.0 = Release|ARM64
		{87B4B63F-35DE-45CF-81E0-75BD9EB3F344}.AppStore|iPhone.ActiveCfg = Release|x64
		{87B4B63F-35DE-45CF-81E0-75BD9EB3F344}.AppStore|iPhone.Build.0 = Release|x64
		{87B4B63F-35DE-45CF-81E0-75BD9EB3F344}.AppStore|iPhone.Deploy.0 = Release|x64
		{87B4B63F-35DE-45CF-81E0-75BD9EB3F344}.AppStore|iPhoneSimulator.ActiveCfg = Release|x64
		{87B4B63F-35DE-45CF-81E0-75BD9EB3F344}.AppStore|iPhoneSimulator.Build.0 = Release|x64
		{87B4B63F-35DE-45CF-81E0-75BD9EB3F344}.AppStore|iPhoneSimulator.Deploy.0 = Release|x64
		{87B4B63F-35DE-45CF-81E0-75BD9EB3F344}.AppStore|x64.ActiveCfg = Release|x64
		{87B4B63F-35DE-45CF-81E0-75BD9EB3F344}.AppStore|x64.Build.0 = Release|x64
		{87B4B63F-35DE-45CF-81E0-75BD9EB3F344}.AppStore|x64.Deploy.0 = Release|x64
		{87B4B63F-35DE-45CF-81E0-75BD9EB3F344}.AppStore|x86.ActiveCfg = Release|x86
		{87B4B63F-35DE-45CF-81E0-75BD9EB3F344}.AppStore|x86.Build.0 = Release|x86
		{87B4B63F-35DE-45CF-81E0-75BD9EB3F344}.AppStore|x86.Deploy.0 = Release|x86
		{87B4B63F-35DE-45CF-81E0-75BD9EB3F344}.Debug|Any CPU.ActiveCfg = Debug|x86
		{87B4B63F-35DE-45CF-81E0-75BD9EB3F344}.Debug|ARM.ActiveCfg = Debug|ARM
		{87B4B63F-35DE-45CF-81E0-75BD9EB3F344}.Debug|ARM.Build.0 = Debug|ARM
		{87B4B63F-35DE-45CF-81E0-75BD9EB3F344}.Debug|ARM.Deploy.0 = Debug|ARM
		{87B4B63F-35DE-45CF-81E0-75BD9EB3F344}.Debug|ARM64.ActiveCfg = Debug|ARM64
		{87B4B63F-35DE-45CF-81E0-75BD9EB3F344}.Debug|ARM64.Build.0 = Debug|ARM64
		{87B4B63F-35DE-45CF-81E0-75BD9EB3F344}.Debug|ARM64.Deploy.0 = Debug|ARM64
		{87B4B63F-35DE-45CF-81E0-75BD9EB3F344}.Debug|iPhone.ActiveCfg = Debug|x86
		{87B4B63F-35DE-45CF-81E0-75BD9EB3F344}.Debug|iPhoneSimulator.ActiveCfg = Debug|x86
		{87B4B63F-35DE-45CF-81E0-75BD9EB3F344}.Debug|x64.ActiveCfg = Debug|x64
		{87B4B63F-35DE-45CF-81E0-75BD9EB3F344}.Debug|x64.Build.0 = Debug|x64
		{87B4B63F-35DE-45CF-81E0-75BD9EB3F344}.Debug|x64.Deploy.0 = Debug|x64
		{87B4B63F-35DE-45CF-81E0-75BD9EB3F344}.Debug|x86.ActiveCfg = Debug|x86
		{87B4B63F-35DE-45CF-81E0-75BD9EB3F344}.Debug|x86.Build.0 = Debug|x86
		{87B4B63F-35DE-45CF-81E0-75BD9EB3F344}.Debug|x86.Deploy.0 = Debug|x86
		{87B4B63F-35DE-45CF-81E0-75BD9EB3F344}.Release|Any CPU.ActiveCfg = Release|x86
		{87B4B63F-35DE-45CF-81E0-75BD9EB3F344}.Release|ARM.ActiveCfg = Release|ARM
		{87B4B63F-35DE-45CF-81E0-75BD9EB3F344}.Release|ARM.Build.0 = Release|ARM
		{87B4B63F-35DE-45CF-81E0-75BD9EB3F344}.Release|ARM.Deploy.0 = Release|ARM
		{87B4B63F-35DE-45CF-81E0-75BD9EB3F344}.Release|ARM64.ActiveCfg = Release|ARM64
		{87B4B63F-35DE-45CF-81E0-75BD9EB3F344}.Release|ARM64.Build.0 = Release|ARM64
		{87B4B63F-35DE-45CF-81E0-75BD9EB3F344}.Release|ARM64.Deploy.0 = Release|ARM64
		{87B4B63F-35DE-45CF-81E0-75BD9EB3F344}.Release|iPhone.ActiveCfg = Release|x86
		{87B4B63F-35DE-45CF-81E0-75BD9EB3F344}.Release|iPhoneSimulator.ActiveCfg = Release|x86
		{87B4B63F-35DE-45CF-81E0-75BD9EB3F344}.Release|x64.ActiveCfg = Release|x64
		{87B4B63F-35DE-45CF-81E0-75BD9EB3F344}.Release|x64.Build.0 = Release|x64
		{87B4B63F-35DE-45CF-81E0-75BD9EB3F344}.Release|x64.Deploy.0 = Release|x64
		{87B4B63F-35DE-45CF-81E0-75BD9EB3F344}.Release|x86.ActiveCfg = Release|x86
		{87B4B63F-35DE-45CF-81E0-75BD9EB3F344}.Release|x86.Build.0 = Release|x86
		{87B4B63F-35DE-45CF-81E0-75BD9EB3F344}.Release|x86.Deploy.0 = Release|x86
		{2B6F64B3-CF7D-4CEC-B4EC-FAC4E6C05A74}.Ad-Hoc|Any CPU.ActiveCfg = Debug|Any CPU
		{2B6F64B3-CF7D-4CEC-B4EC-FAC4E6C05A74}.Ad-Hoc|Any CPU.Build.0 = Debug|Any CPU
		{2B6F64B3-CF7D-4CEC-B4EC-FAC4E6C05A74}.Ad-Hoc|ARM.ActiveCfg = Debug|Any CPU
		{2B6F64B3-CF7D-4CEC-B4EC-FAC4E6C05A74}.Ad-Hoc|ARM.Build.0 = Debug|Any CPU
		{2B6F64B3-CF7D-4CEC-B4EC-FAC4E6C05A74}.Ad-Hoc|ARM64.ActiveCfg = Debug|Any CPU
		{2B6F64B3-CF7D-4CEC-B4EC-FAC4E6C05A74}.Ad-Hoc|ARM64.Build.0 = Debug|Any CPU
		{2B6F64B3-CF7D-4CEC-B4EC-FAC4E6C05A74}.Ad-Hoc|iPhone.ActiveCfg = Debug|Any CPU
		{2B6F64B3-CF7D-4CEC-B4EC-FAC4E6C05A74}.Ad-Hoc|iPhone.Build.0 = Debug|Any CPU
		{2B6F64B3-CF7D-4CEC-B4EC-FAC4E6C05A74}.Ad-Hoc|iPhoneSimulator.ActiveCfg = Debug|Any CPU
		{2B6F64B3-CF7D-4CEC-B4EC-FAC4E6C05A74}.Ad-Hoc|iPhoneSimulator.Build.0 = Debug|Any CPU
		{2B6F64B3-CF7D-4CEC-B4EC-FAC4E6C05A74}.Ad-Hoc|x64.ActiveCfg = Debug|Any CPU
		{2B6F64B3-CF7D-4CEC-B4EC-FAC4E6C05A74}.Ad-Hoc|x64.Build.0 = Debug|Any CPU
		{2B6F64B3-CF7D-4CEC-B4EC-FAC4E6C05A74}.Ad-Hoc|x86.ActiveCfg = Debug|Any CPU
		{2B6F64B3-CF7D-4CEC-B4EC-FAC4E6C05A74}.Ad-Hoc|x86.Build.0 = Debug|Any CPU
		{2B6F64B3-CF7D-4CEC-B4EC-FAC4E6C05A74}.AppStore|Any CPU.ActiveCfg = Debug|Any CPU
		{2B6F64B3-CF7D-4CEC-B4EC-FAC4E6C05A74}.AppStore|Any CPU.Build.0 = Debug|Any CPU
		{2B6F64B3-CF7D-4CEC-B4EC-FAC4E6C05A74}.AppStore|ARM.ActiveCfg = Debug|Any CPU
		{2B6F64B3-CF7D-4CEC-B4EC-FAC4E6C05A74}.AppStore|ARM.Build.0 = Debug|Any CPU
		{2B6F64B3-CF7D-4CEC-B4EC-FAC4E6C05A74}.AppStore|ARM64.ActiveCfg = Debug|Any CPU
		{2B6F64B3-CF7D-4CEC-B4EC-FAC4E6C05A74}.AppStore|ARM64.Build.0 = Debug|Any CPU
		{2B6F64B3-CF7D-4CEC-B4EC-FAC4E6C05A74}.AppStore|iPhone.ActiveCfg = Debug|Any CPU
		{2B6F64B3-CF7D-4CEC-B4EC-FAC4E6C05A74}.AppStore|iPhone.Build.0 = Debug|Any CPU
		{2B6F64B3-CF7D-4CEC-B4EC-FAC4E6C05A74}.AppStore|iPhoneSimulator.ActiveCfg = Debug|Any CPU
		{2B6F64B3-CF7D-4CEC-B4EC-FAC4E6C05A74}.AppStore|iPhoneSimulator.Build.0 = Debug|Any CPU
		{2B6F64B3-CF7D-4CEC-B4EC-FAC4E6C05A74}.AppStore|x64.ActiveCfg = Debug|Any CPU
		{2B6F64B3-CF7D-4CEC-B4EC-FAC4E6C05A74}.AppStore|x64.Build.0 = Debug|Any CPU
		{2B6F64B3-CF7D-4CEC-B4EC-FAC4E6C05A74}.AppStore|x86.ActiveCfg = Debug|Any CPU
		{2B6F64B3-CF7D-4CEC-B4EC-FAC4E6C05A74}.AppStore|x86.Build.0 = Debug|Any CPU
		{2B6F64B3-CF7D-4CEC-B4EC-FAC4E6C05A74}.Debug|Any CPU.ActiveCfg = Debug|Any CPU
		{2B6F64B3-CF7D-4CEC-B4EC-FAC4E6C05A74}.Debug|Any CPU.Build.0 = Debug|Any CPU
		{2B6F64B3-CF7D-4CEC-B4EC-FAC4E6C05A74}.Debug|ARM.ActiveCfg = Debug|Any CPU
		{2B6F64B3-CF7D-4CEC-B4EC-FAC4E6C05A74}.Debug|ARM.Build.0 = Debug|Any CPU
		{2B6F64B3-CF7D-4CEC-B4EC-FAC4E6C05A74}.Debug|ARM64.ActiveCfg = Debug|Any CPU
		{2B6F64B3-CF7D-4CEC-B4EC-FAC4E6C05A74}.Debug|ARM64.Build.0 = Debug|Any CPU
		{2B6F64B3-CF7D-4CEC-B4EC-FAC4E6C05A74}.Debug|iPhone.ActiveCfg = Debug|Any CPU
		{2B6F64B3-CF7D-4CEC-B4EC-FAC4E6C05A74}.Debug|iPhone.Build.0 = Debug|Any CPU
		{2B6F64B3-CF7D-4CEC-B4EC-FAC4E6C05A74}.Debug|iPhoneSimulator.ActiveCfg = Debug|Any CPU
		{2B6F64B3-CF7D-4CEC-B4EC-FAC4E6C05A74}.Debug|iPhoneSimulator.Build.0 = Debug|Any CPU
		{2B6F64B3-CF7D-4CEC-B4EC-FAC4E6C05A74}.Debug|x64.ActiveCfg = Debug|Any CPU
		{2B6F64B3-CF7D-4CEC-B4EC-FAC4E6C05A74}.Debug|x64.Build.0 = Debug|Any CPU
		{2B6F64B3-CF7D-4CEC-B4EC-FAC4E6C05A74}.Debug|x86.ActiveCfg = Debug|Any CPU
		{2B6F64B3-CF7D-4CEC-B4EC-FAC4E6C05A74}.Debug|x86.Build.0 = Debug|Any CPU
		{2B6F64B3-CF7D-4CEC-B4EC-FAC4E6C05A74}.Release|Any CPU.ActiveCfg = Release|Any CPU
		{2B6F64B3-CF7D-4CEC-B4EC-FAC4E6C05A74}.Release|Any CPU.Build.0 = Release|Any CPU
		{2B6F64B3-CF7D-4CEC-B4EC-FAC4E6C05A74}.Release|ARM.ActiveCfg = Release|Any CPU
		{2B6F64B3-CF7D-4CEC-B4EC-FAC4E6C05A74}.Release|ARM.Build.0 = Release|Any CPU
		{2B6F64B3-CF7D-4CEC-B4EC-FAC4E6C05A74}.Release|ARM64.ActiveCfg = Release|Any CPU
		{2B6F64B3-CF7D-4CEC-B4EC-FAC4E6C05A74}.Release|ARM64.Build.0 = Release|Any CPU
		{2B6F64B3-CF7D-4CEC-B4EC-FAC4E6C05A74}.Release|iPhone.ActiveCfg = Release|Any CPU
		{2B6F64B3-CF7D-4CEC-B4EC-FAC4E6C05A74}.Release|iPhone.Build.0 = Release|Any CPU
		{2B6F64B3-CF7D-4CEC-B4EC-FAC4E6C05A74}.Release|iPhoneSimulator.ActiveCfg = Release|Any CPU
		{2B6F64B3-CF7D-4CEC-B4EC-FAC4E6C05A74}.Release|iPhoneSimulator.Build.0 = Release|Any CPU
		{2B6F64B3-CF7D-4CEC-B4EC-FAC4E6C05A74}.Release|x64.ActiveCfg = Release|Any CPU
		{2B6F64B3-CF7D-4CEC-B4EC-FAC4E6C05A74}.Release|x64.Build.0 = Release|Any CPU
		{2B6F64B3-CF7D-4CEC-B4EC-FAC4E6C05A74}.Release|x86.ActiveCfg = Release|Any CPU
		{2B6F64B3-CF7D-4CEC-B4EC-FAC4E6C05A74}.Release|x86.Build.0 = Release|Any CPU
		{E7867F11-8A6B-4D26-925F-9989A51CD4C6}.Ad-Hoc|Any CPU.ActiveCfg = Release|x64
		{E7867F11-8A6B-4D26-925F-9989A51CD4C6}.Ad-Hoc|Any CPU.Build.0 = Release|x64
		{E7867F11-8A6B-4D26-925F-9989A51CD4C6}.Ad-Hoc|Any CPU.Deploy.0 = Release|x64
		{E7867F11-8A6B-4D26-925F-9989A51CD4C6}.Ad-Hoc|ARM.ActiveCfg = Release|ARM
		{E7867F11-8A6B-4D26-925F-9989A51CD4C6}.Ad-Hoc|ARM.Build.0 = Release|ARM
		{E7867F11-8A6B-4D26-925F-9989A51CD4C6}.Ad-Hoc|ARM.Deploy.0 = Release|ARM
		{E7867F11-8A6B-4D26-925F-9989A51CD4C6}.Ad-Hoc|ARM64.ActiveCfg = Debug|x64
		{E7867F11-8A6B-4D26-925F-9989A51CD4C6}.Ad-Hoc|ARM64.Build.0 = Debug|x64
		{E7867F11-8A6B-4D26-925F-9989A51CD4C6}.Ad-Hoc|ARM64.Deploy.0 = Debug|x64
		{E7867F11-8A6B-4D26-925F-9989A51CD4C6}.Ad-Hoc|iPhone.ActiveCfg = Release|x64
		{E7867F11-8A6B-4D26-925F-9989A51CD4C6}.Ad-Hoc|iPhone.Build.0 = Release|x64
		{E7867F11-8A6B-4D26-925F-9989A51CD4C6}.Ad-Hoc|iPhone.Deploy.0 = Release|x64
		{E7867F11-8A6B-4D26-925F-9989A51CD4C6}.Ad-Hoc|iPhoneSimulator.ActiveCfg = Release|x64
		{E7867F11-8A6B-4D26-925F-9989A51CD4C6}.Ad-Hoc|iPhoneSimulator.Build.0 = Release|x64
		{E7867F11-8A6B-4D26-925F-9989A51CD4C6}.Ad-Hoc|iPhoneSimulator.Deploy.0 = Release|x64
		{E7867F11-8A6B-4D26-925F-9989A51CD4C6}.Ad-Hoc|x64.ActiveCfg = Release|x64
		{E7867F11-8A6B-4D26-925F-9989A51CD4C6}.Ad-Hoc|x64.Build.0 = Release|x64
		{E7867F11-8A6B-4D26-925F-9989A51CD4C6}.Ad-Hoc|x64.Deploy.0 = Release|x64
		{E7867F11-8A6B-4D26-925F-9989A51CD4C6}.Ad-Hoc|x86.ActiveCfg = Release|x86
		{E7867F11-8A6B-4D26-925F-9989A51CD4C6}.Ad-Hoc|x86.Build.0 = Release|x86
		{E7867F11-8A6B-4D26-925F-9989A51CD4C6}.Ad-Hoc|x86.Deploy.0 = Release|x86
		{E7867F11-8A6B-4D26-925F-9989A51CD4C6}.AppStore|Any CPU.ActiveCfg = Release|x64
		{E7867F11-8A6B-4D26-925F-9989A51CD4C6}.AppStore|Any CPU.Build.0 = Release|x64
		{E7867F11-8A6B-4D26-925F-9989A51CD4C6}.AppStore|Any CPU.Deploy.0 = Release|x64
		{E7867F11-8A6B-4D26-925F-9989A51CD4C6}.AppStore|ARM.ActiveCfg = Release|ARM
		{E7867F11-8A6B-4D26-925F-9989A51CD4C6}.AppStore|ARM.Build.0 = Release|ARM
		{E7867F11-8A6B-4D26-925F-9989A51CD4C6}.AppStore|ARM.Deploy.0 = Release|ARM
		{E7867F11-8A6B-4D26-925F-9989A51CD4C6}.AppStore|ARM64.ActiveCfg = Debug|x64
		{E7867F11-8A6B-4D26-925F-9989A51CD4C6}.AppStore|ARM64.Build.0 = Debug|x64
		{E7867F11-8A6B-4D26-925F-9989A51CD4C6}.AppStore|ARM64.Deploy.0 = Debug|x64
		{E7867F11-8A6B-4D26-925F-9989A51CD4C6}.AppStore|iPhone.ActiveCfg = Release|x64
		{E7867F11-8A6B-4D26-925F-9989A51CD4C6}.AppStore|iPhone.Build.0 = Release|x64
		{E7867F11-8A6B-4D26-925F-9989A51CD4C6}.AppStore|iPhone.Deploy.0 = Release|x64
		{E7867F11-8A6B-4D26-925F-9989A51CD4C6}.AppStore|iPhoneSimulator.ActiveCfg = Release|x64
		{E7867F11-8A6B-4D26-925F-9989A51CD4C6}.AppStore|iPhoneSimulator.Build.0 = Release|x64
		{E7867F11-8A6B-4D26-925F-9989A51CD4C6}.AppStore|iPhoneSimulator.Deploy.0 = Release|x64
		{E7867F11-8A6B-4D26-925F-9989A51CD4C6}.AppStore|x64.ActiveCfg = Release|x64
		{E7867F11-8A6B-4D26-925F-9989A51CD4C6}.AppStore|x64.Build.0 = Release|x64
		{E7867F11-8A6B-4D26-925F-9989A51CD4C6}.AppStore|x64.Deploy.0 = Release|x64
		{E7867F11-8A6B-4D26-925F-9989A51CD4C6}.AppStore|x86.ActiveCfg = Release|x86
		{E7867F11-8A6B-4D26-925F-9989A51CD4C6}.AppStore|x86.Build.0 = Release|x86
		{E7867F11-8A6B-4D26-925F-9989A51CD4C6}.AppStore|x86.Deploy.0 = Release|x86
		{E7867F11-8A6B-4D26-925F-9989A51CD4C6}.Debug|Any CPU.ActiveCfg = Debug|x86
		{E7867F11-8A6B-4D26-925F-9989A51CD4C6}.Debug|ARM.ActiveCfg = Debug|ARM
		{E7867F11-8A6B-4D26-925F-9989A51CD4C6}.Debug|ARM.Build.0 = Debug|ARM
		{E7867F11-8A6B-4D26-925F-9989A51CD4C6}.Debug|ARM.Deploy.0 = Debug|ARM
		{E7867F11-8A6B-4D26-925F-9989A51CD4C6}.Debug|ARM64.ActiveCfg = Debug|x86
		{E7867F11-8A6B-4D26-925F-9989A51CD4C6}.Debug|iPhone.ActiveCfg = Debug|x86
		{E7867F11-8A6B-4D26-925F-9989A51CD4C6}.Debug|iPhoneSimulator.ActiveCfg = Debug|x86
		{E7867F11-8A6B-4D26-925F-9989A51CD4C6}.Debug|x64.ActiveCfg = Debug|x64
		{E7867F11-8A6B-4D26-925F-9989A51CD4C6}.Debug|x64.Build.0 = Debug|x64
		{E7867F11-8A6B-4D26-925F-9989A51CD4C6}.Debug|x64.Deploy.0 = Debug|x64
		{E7867F11-8A6B-4D26-925F-9989A51CD4C6}.Debug|x86.ActiveCfg = Debug|x86
		{E7867F11-8A6B-4D26-925F-9989A51CD4C6}.Debug|x86.Build.0 = Debug|x86
		{E7867F11-8A6B-4D26-925F-9989A51CD4C6}.Debug|x86.Deploy.0 = Debug|x86
		{E7867F11-8A6B-4D26-925F-9989A51CD4C6}.Release|Any CPU.ActiveCfg = Release|x86
		{E7867F11-8A6B-4D26-925F-9989A51CD4C6}.Release|ARM.ActiveCfg = Release|ARM
		{E7867F11-8A6B-4D26-925F-9989A51CD4C6}.Release|ARM.Build.0 = Release|ARM
		{E7867F11-8A6B-4D26-925F-9989A51CD4C6}.Release|ARM.Deploy.0 = Release|ARM
		{E7867F11-8A6B-4D26-925F-9989A51CD4C6}.Release|ARM64.ActiveCfg = Release|x86
		{E7867F11-8A6B-4D26-925F-9989A51CD4C6}.Release|iPhone.ActiveCfg = Release|x86
		{E7867F11-8A6B-4D26-925F-9989A51CD4C6}.Release|iPhoneSimulator.ActiveCfg = Release|x86
		{E7867F11-8A6B-4D26-925F-9989A51CD4C6}.Release|x64.ActiveCfg = Release|x64
		{E7867F11-8A6B-4D26-925F-9989A51CD4C6}.Release|x64.Build.0 = Release|x64
		{E7867F11-8A6B-4D26-925F-9989A51CD4C6}.Release|x64.Deploy.0 = Release|x64
		{E7867F11-8A6B-4D26-925F-9989A51CD4C6}.Release|x86.ActiveCfg = Release|x86
		{E7867F11-8A6B-4D26-925F-9989A51CD4C6}.Release|x86.Build.0 = Release|x86
		{E7867F11-8A6B-4D26-925F-9989A51CD4C6}.Release|x86.Deploy.0 = Release|x86
	EndGlobalSection
	GlobalSection(SolutionProperties) = preSolution
		HideSolutionNode = FALSE
	EndGlobalSection
	GlobalSection(ExtensibilityGlobals) = postSolution
		SolutionGuid = {D754DD85-A6BD-4EF0-A032-F14D7C2AECF5}
	EndGlobalSection
EndGlobal
